
Microsoft Visual Studio Solution File, Format Version 12.00
# Visual Studio Version 17
VisualStudioVersion = 17.0.32112.339
MinimumVisualStudioVersion = 10.0.40219.1
Project("{FAE04EC0-301F-11D3-BF4B-00C04F79EFBC}") = "SwaggerEasySummary", "SwaggerEasySummary\SwaggerEasySummary.csproj", "{E726F81C-11B5-4D60-B7F7-D8FB58995159}"
EndProject
Global
	GlobalSection(SolutionConfigurationPlatforms) = preSolution
		Debug|Any CPU = Debug|Any CPU
		Release|Any CPU = Release|Any CPU
	EndGlobalSection
	GlobalSection(ProjectConfigurationPlatforms) = postSolution
		{E726F81C-11B5-4D60-B7F7-D8FB58995159}.Debug|Any CPU.ActiveCfg = Debug|Any CPU
		{E726F81C-11B5-4D60-B7F7-D8FB58995159}.Debug|Any CPU.Build.0 = Debug|Any CPU
		{E726F81C-11B5-4D60-B7F7-D8FB58995159}.Release|Any CPU.ActiveCfg = Release|Any CPU
		{E726F81C-11B5-4D60-B7F7-D8FB58995159}.Release|Any CPU.Build.0 = Release|Any CPU
	EndGlobalSection
	GlobalSection(SolutionProperties) = preSolution
		HideSolutionNode = FALSE
	EndGlobalSection
	GlobalSection(ExtensibilityGlobals) = postSolution
		SolutionGuid = {903F4AFB-38A3-4B4D-9BD9-40F95B638AB1}
	EndGlobalSection
EndGlobal
